{
  "version": 4,
  "terraform_version": "1.14.5",
  "serial": 6,
  "lineage": "e2369b87-27f8-8c72-6d6b-d1680969dca6",
  "outputs": {},
  "resources": [
    {
      "mode": "managed",
      "type": "github_repository",
      "name": "terraform-first-repo",
      "provider": "provider[\"registry.terraform.io/hashicorp/github\"]",
      "instances": [
        {
          "schema_version": 1,
          "attributes": {
            "allow_auto_merge": false,
            "allow_forking": true,
            "allow_merge_commit": false,
            "allow_rebase_merge": false,
            "allow_squash_merge": false,
            "allow_update_branch": false,
            "archive_on_destroy": null,
            "archived": false,
            "auto_init": true,
            "default_branch": "main",
            "delete_branch_on_merge": false,
            "description": "My awesome codebase",
            "etag": "W/\"b7fdfc158d40ef488ef8f1d71db97d5a0d155bb1ad24ef704e176120c48deeb5\"",
            "fork": "false",
            "full_name": "Shivammjindal/terraform_infra_repo",
            "git_clone_url": "git://github.com/Shivammjindal/terraform_infra_repo.git",
            "gitignore_template": null,
            "has_discussions": false,
            "has_downloads": false,
            "has_issues": false,
            "has_projects": false,
            "has_wiki": false,
            "homepage_url": "",
            "html_url": "https://github.com/Shivammjindal/terraform_infra_repo",
            "http_clone_url": "https://github.com/Shivammjindal/terraform_infra_repo.git",
            "id": "terraform_infra_repo",
            "ignore_vulnerability_alerts_during_read": false,
            "is_template": false,
            "license_template": null,
            "merge_commit_message": "",
            "merge_commit_title": "",
            "name": "terraform_infra_repo",
            "node_id": "R_kgDORQrgMg",
            "pages": [],
            "primary_language": "",
            "private": false,
            "repo_id": 1158340658,
            "security_and_analysis": [
              {
                "advanced_security": [],
                "code_security": [],
                "secret_scanning": [
                  {
                    "status": "enabled"
                  }
                ],
                "secret_scanning_ai_detection": [],
                "secret_scanning_non_provider_patterns": [],
                "secret_scanning_push_protection": [
                  {
                    "status": "enabled"
                  }
                ]
              }
            ],
            "source_owner": "",
            "source_repo": "",
            "squash_merge_commit_message": "",
            "squash_merge_commit_title": "",
            "ssh_clone_url": "git@github.com:Shivammjindal/terraform_infra_repo.git",
            "svn_url": "https://github.com/Shivammjindal/terraform_infra_repo",
            "template": [],
            "topics": [],
            "visibility": "public",
            "vulnerability_alerts": false,
            "web_commit_signoff_required": false
          },
          "sensitive_attributes": [],
          "identity_schema_version": 0,
          "private": "eyJzY2hlbWFfdmVyc2lvbiI6IjEifQ=="
        }
      ]
    },
    {
      "mode": "managed",
      "type": "github_repository",
      "name": "terraform-second-repo",
      "provider": "provider[\"registry.terraform.io/hashicorp/github\"]",
      "instances": [
        {
          "schema_version": 1,
          "attributes": {
            "allow_auto_merge": false,
            "allow_forking": true,
            "allow_merge_commit": false,
            "allow_rebase_merge": false,
            "allow_squash_merge": false,
            "allow_update_branch": false,
            "archive_on_destroy": null,
            "archived": false,
            "auto_init": true,
            "default_branch": "main",
            "delete_branch_on_merge": false,
            "description": "My terraform repository",
            "etag": "W/\"da12a9a635a702fbf52756ededa5e44a8c84f8fb995d0322159487c5f9d85004\"",
            "fork": "false",
            "full_name": "Shivammjindal/terraform_infra_repo_second",
            "git_clone_url": "git://github.com/Shivammjindal/terraform_infra_repo_second.git",
            "gitignore_template": null,
            "has_discussions": false,
            "has_downloads": false,
            "has_issues": false,
            "has_projects": false,
            "has_wiki": false,
            "homepage_url": "",
            "html_url": "https://github.com/Shivammjindal/terraform_infra_repo_second",
            "http_clone_url": "https://github.com/Shivammjindal/terraform_infra_repo_second.git",
            "id": "terraform_infra_repo_second",
            "ignore_vulnerability_alerts_during_read": false,
            "is_template": false,
            "license_template": null,
            "merge_commit_message": "",
            "merge_commit_title": "",
            "name": "terraform_infra_repo_second",
            "node_id": "R_kgDORQsY2A",
            "pages": [],
            "primary_language": "",
            "private": false,
            "repo_id": 1158355160,
            "security_and_analysis": [
              {
                "advanced_security": [],
                "code_security": [],
                "secret_scanning": [
                  {
                    "status": "enabled"
                  }
                ],
                "secret_scanning_ai_detection": [],
                "secret_scanning_non_provider_patterns": [],
                "secret_scanning_push_protection": [
                  {
                    "status": "enabled"
                  }
                ]
              }
            ],
            "source_owner": "",
            "source_repo": "",
            "squash_merge_commit_message": "",
            "squash_merge_commit_title": "",
            "ssh_clone_url": "git@github.com:Shivammjindal/terraform_infra_repo_second.git",
            "svn_url": "https://github.com/Shivammjindal/terraform_infra_repo_second",
            "template": [],
            "topics": [],
            "visibility": "public",
            "vulnerability_alerts": false,
            "web_commit_signoff_required": false
          },
          "sensitive_attributes": [],
          "identity_schema_version": 0,
          "private": "eyJzY2hlbWFfdmVyc2lvbiI6IjEifQ=="
        }
      ]
    }
  ],
  "check_results": null
}
